
Microsoft Visual Studio Solution File, Format Version 12.00
# Visual Studio Version 16
VisualStudioVersion = 16.0.30503.244
MinimumVisualStudioVersion = 10.0.40219.1
Project("{FAE04EC0-301F-11D3-BF4B-00C04F79EFBC}") = "ScaleOfNotaion_Application", "ScaleOfNotaion_Application\ScaleOfNotaion_Application.csproj", "{5AAD96CB-97A3-4D72-9DF6-F217302B20A2}"
EndProject
Project("{FAE04EC0-301F-11D3-BF4B-00C04F79EFBC}") = "Machine Code Tests", "Machine Code Tests\Machine Code Tests.csproj", "{944232BD-DD42-4472-839D-8129F8E5E747}"
EndProject
Global
	GlobalSection(SolutionConfigurationPlatforms) = preSolution
		Debug|Any CPU = Debug|Any CPU
		Debug|x64 = Debug|x64
		Release|Any CPU = Release|Any CPU
		Release|x64 = Release|x64
	EndGlobalSection
	GlobalSection(ProjectConfigurationPlatforms) = postSolution
		{5AAD96CB-97A3-4D72-9DF6-F217302B20A2}.Debug|Any CPU.ActiveCfg = Debug|Any CPU
		{5AAD96CB-97A3-4D72-9DF6-F217302B20A2}.Debug|Any CPU.Build.0 = Debug|Any CPU
		{5AAD96CB-97A3-4D72-9DF6-F217302B20A2}.Debug|x64.ActiveCfg = Debug|Any CPU
		{5AAD96CB-97A3-4D72-9DF6-F217302B20A2}.Debug|x64.Build.0 = Debug|Any CPU
		{5AAD96CB-97A3-4D72-9DF6-F217302B20A2}.Release|Any CPU.ActiveCfg = Release|Any CPU
		{5AAD96CB-97A3-4D72-9DF6-F217302B20A2}.Release|Any CPU.Build.0 = Release|Any CPU
		{5AAD96CB-97A3-4D72-9DF6-F217302B20A2}.Release|x64.ActiveCfg = Release|Any CPU
		{5AAD96CB-97A3-4D72-9DF6-F217302B20A2}.Release|x64.Build.0 = Release|Any CPU
		{944232BD-DD42-4472-839D-8129F8E5E747}.Debug|Any CPU.ActiveCfg = Debug|Any CPU
		{944232BD-DD42-4472-839D-8129F8E5E747}.Debug|Any CPU.Build.0 = Debug|Any CPU
		{944232BD-DD42-4472-839D-8129F8E5E747}.Debug|x64.ActiveCfg = Debug|x64
		{944232BD-DD42-4472-839D-8129F8E5E747}.Debug|x64.Build.0 = Debug|x64
		{944232BD-DD42-4472-839D-8129F8E5E747}.Release|Any CPU.ActiveCfg = Release|Any CPU
		{944232BD-DD42-4472-839D-8129F8E5E747}.Release|Any CPU.Build.0 = Release|Any CPU
		{944232BD-DD42-4472-839D-8129F8E5E747}.Release|x64.ActiveCfg = Release|x64
		{944232BD-DD42-4472-839D-8129F8E5E747}.Release|x64.Build.0 = Release|x64
	EndGlobalSection
	GlobalSection(SolutionProperties) = preSolution
		HideSolutionNode = FALSE
	EndGlobalSection
	GlobalSection(ExtensibilityGlobals) = postSolution
		SolutionGuid = {376BBEBC-3118-4C92-BB9D-64349A4B76C6}
	EndGlobalSection
EndGlobal
